
Microsoft Visual Studio Solution File, Format Version 11.00
# Visual Studio 2010
Project("{FAE04EC0-301F-11D3-BF4B-00C04F79EFBC}") = "Assembly-CSharp", "Assembly-CSharp.csproj", "{7D6D1997-66C1-68C7-757F-20D4873E41DD}"
EndProject
Project("{FAE04EC0-301F-11D3-BF4B-00C04F79EFBC}") = "Assembly-CSharp-Editor", "Assembly-CSharp-Editor.csproj", "{50163E8A-7A5F-921B-D90C-130F945B3818}"
EndProject
Global
	GlobalSection(SolutionConfigurationPlatforms) = preSolution
		Debug|Any CPU = Debug|Any CPU
		Release|Any CPU = Release|Any CPU
	EndGlobalSection
	GlobalSection(ProjectConfigurationPlatforms) = postSolution
		{7D6D1997-66C1-68C7-757F-20D4873E41DD}.Debug|Any CPU.ActiveCfg = Debug|Any CPU
		{7D6D1997-66C1-68C7-757F-20D4873E41DD}.Debug|Any CPU.Build.0 = Debug|Any CPU
		{7D6D1997-66C1-68C7-757F-20D4873E41DD}.Release|Any CPU.ActiveCfg = Release|Any CPU
		{7D6D1997-66C1-68C7-757F-20D4873E41DD}.Release|Any CPU.Build.0 = Release|Any CPU
		{50163E8A-7A5F-921B-D90C-130F945B3818}.Debug|Any CPU.ActiveCfg = Debug|Any CPU
		{50163E8A-7A5F-921B-D90C-130F945B3818}.Debug|Any CPU.Build.0 = Debug|Any CPU
		{50163E8A-7A5F-921B-D90C-130F945B3818}.Release|Any CPU.ActiveCfg = Release|Any CPU
		{50163E8A-7A5F-921B-D90C-130F945B3818}.Release|Any CPU.Build.0 = Release|Any CPU
	EndGlobalSection
	GlobalSection(SolutionProperties) = preSolution
		HideSolutionNode = FALSE
	EndGlobalSection
	GlobalSection(MonoDevelopProperties) = preSolution
		StartupItem = Assembly-CSharp.csproj
	EndGlobalSection
EndGlobal
